
Microsoft Visual Studio Solution File, Format Version 12.00
# Visual Studio Version 16
VisualStudioVersion = 16.0.30114.105
MinimumVisualStudioVersion = 10.0.40219.1
Project("{FAE04EC0-301F-11D3-BF4B-00C04F79EFBC}") = "SentimentAnalysisEngine.Web", "SentimentAnalysisEngine.Web\SentimentAnalysisEngine.Web.csproj", "{E30D8EC5-11C9-4E18-9E62-3D6A60DE5D42}"
EndProject
Project("{FAE04EC0-301F-11D3-BF4B-00C04F79EFBC}") = "SentimentAnalysisEngine.Domain", "SentimentAnalysisEngine.Domain\SentimentAnalysisEngine.Domain.csproj", "{112C36C2-F0FC-4D97-9BA0-E6D027A86271}"
EndProject
Project("{FAE04EC0-301F-11D3-BF4B-00C04F79EFBC}") = "SentimentAnalysisEngine.Repository", "SentimentAnalysisEngine.Repository\SentimentAnalysisEngine.Repository.csproj", "{B51A2D1F-EC75-4A6C-A404-D1E5AB90EBBF}"
EndProject
Global
	GlobalSection(SolutionConfigurationPlatforms) = preSolution
		Debug|Any CPU = Debug|Any CPU
		Debug|x64 = Debug|x64
		Debug|x86 = Debug|x86
		Release|Any CPU = Release|Any CPU
		Release|x64 = Release|x64
		Release|x86 = Release|x86
	EndGlobalSection
	GlobalSection(SolutionProperties) = preSolution
		HideSolutionNode = FALSE
	EndGlobalSection
	GlobalSection(ProjectConfigurationPlatforms) = postSolution
		{E30D8EC5-11C9-4E18-9E62-3D6A60DE5D42}.Debug|Any CPU.ActiveCfg = Debug|Any CPU
		{E30D8EC5-11C9-4E18-9E62-3D6A60DE5D42}.Debug|Any CPU.Build.0 = Debug|Any CPU
		{E30D8EC5-11C9-4E18-9E62-3D6A60DE5D42}.Debug|x64.ActiveCfg = Debug|Any CPU
		{E30D8EC5-11C9-4E18-9E62-3D6A60DE5D42}.Debug|x64.Build.0 = Debug|Any CPU
		{E30D8EC5-11C9-4E18-9E62-3D6A60DE5D42}.Debug|x86.ActiveCfg = Debug|Any CPU
		{E30D8EC5-11C9-4E18-9E62-3D6A60DE5D42}.Debug|x86.Build.0 = Debug|Any CPU
		{E30D8EC5-11C9-4E18-9E62-3D6A60DE5D42}.Release|Any CPU.ActiveCfg = Release|Any CPU
		{E30D8EC5-11C9-4E18-9E62-3D6A60DE5D42}.Release|Any CPU.Build.0 = Release|Any CPU
		{E30D8EC5-11C9-4E18-9E62-3D6A60DE5D42}.Release|x64.ActiveCfg = Release|Any CPU
		{E30D8EC5-11C9-4E18-9E62-3D6A60DE5D42}.Release|x64.Build.0 = Release|Any CPU
		{E30D8EC5-11C9-4E18-9E62-3D6A60DE5D42}.Release|x86.ActiveCfg = Release|Any CPU
		{E30D8EC5-11C9-4E18-9E62-3D6A60DE5D42}.Release|x86.Build.0 = Release|Any CPU
		{112C36C2-F0FC-4D97-9BA0-E6D027A86271}.Debug|Any CPU.ActiveCfg = Debug|Any CPU
		{112C36C2-F0FC-4D97-9BA0-E6D027A86271}.Debug|Any CPU.Build.0 = Debug|Any CPU
		{112C36C2-F0FC-4D97-9BA0-E6D027A86271}.Debug|x64.ActiveCfg = Debug|Any CPU
		{112C36C2-F0FC-4D97-9BA0-E6D027A86271}.Debug|x64.Build.0 = Debug|Any CPU
		{112C36C2-F0FC-4D97-9BA0-E6D027A86271}.Debug|x86.ActiveCfg = Debug|Any CPU
		{112C36C2-F0FC-4D97-9BA0-E6D027A86271}.Debug|x86.Build.0 = Debug|Any CPU
		{112C36C2-F0FC-4D97-9BA0-E6D027A86271}.Release|Any CPU.ActiveCfg = Release|Any CPU
		{112C36C2-F0FC-4D97-9BA0-E6D027A86271}.Release|Any CPU.Build.0 = Release|Any CPU
		{112C36C2-F0FC-4D97-9BA0-E6D027A86271}.Release|x64.ActiveCfg = Release|Any CPU
		{112C36C2-F0FC-4D97-9BA0-E6D027A86271}.Release|x64.Build.0 = Release|Any CPU
		{112C36C2-F0FC-4D97-9BA0-E6D027A86271}.Release|x86.ActiveCfg = Release|Any CPU
		{112C36C2-F0FC-4D97-9BA0-E6D027A86271}.Release|x86.Build.0 = Release|Any CPU
		{B51A2D1F-EC75-4A6C-A404-D1E5AB90EBBF}.Debug|Any CPU.ActiveCfg = Debug|Any CPU
		{B51A2D1F-EC75-4A6C-A404-D1E5AB90EBBF}.Debug|Any CPU.Build.0 = Debug|Any CPU
		{B51A2D1F-EC75-4A6C-A404-D1E5AB90EBBF}.Debug|x64.ActiveCfg = Debug|Any CPU
		{B51A2D1F-EC75-4A6C-A404-D1E5AB90EBBF}.Debug|x64.Build.0 = Debug|Any CPU
		{B51A2D1F-EC75-4A6C-A404-D1E5AB90EBBF}.Debug|x86.ActiveCfg = Debug|Any CPU
		{B51A2D1F-EC75-4A6C-A404-D1E5AB90EBBF}.Debug|x86.Build.0 = Debug|Any CPU
		{B51A2D1F-EC75-4A6C-A404-D1E5AB90EBBF}.Release|Any CPU.ActiveCfg = Release|Any CPU
		{B51A2D1F-EC75-4A6C-A404-D1E5AB90EBBF}.Release|Any CPU.Build.0 = Release|Any CPU
		{B51A2D1F-EC75-4A6C-A404-D1E5AB90EBBF}.Release|x64.ActiveCfg = Release|Any CPU
		{B51A2D1F-EC75-4A6C-A404-D1E5AB90EBBF}.Release|x64.Build.0 = Release|Any CPU
		{B51A2D1F-EC75-4A6C-A404-D1E5AB90EBBF}.Release|x86.ActiveCfg = Release|Any CPU
		{B51A2D1F-EC75-4A6C-A404-D1E5AB90EBBF}.Release|x86.Build.0 = Release|Any CPU
	EndGlobalSection
EndGlobal
